[[package]]
name = "attrs"
version = "21.2.0"
description = "Classes Without Boilerplate"
category = "main"
optional = false
python-versions = ">=2.7, !=3.0.*, !=3.1.*, !=3.2.*, !=3.3.*, !=3.4.*"

[package.extras]
dev = ["coverage[toml] (>=5.0.2)", "hypothesis", "pympler", "pytest (>=4.3.0)", "six", "mypy", "pytest-mypy-plugins", "zope.interface", "furo", "sphinx", "sphinx-notfound-page", "pre-commit"]
docs = ["furo", "sphinx", "zope.interface", "sphinx-notfound-page"]
tests = ["coverage[toml] (>=5.0.2)", "hypothesis", "pympler", "pytest (>=4.3.0)", "six", "mypy", "pytest-mypy-plugins", "zope.interface"]
tests_no_zope = ["coverage[toml] (>=5.0.2)", "hypothesis", "pympler", "pytest (>=4.3.0)", "six", "mypy", "pytest-mypy-plugins"]

[[package]]
name = "certifi"
version = "2021.10.8"
description = "Python package for providing Mozilla's CA Bundle."
category = "main"
optional = false
python-versions = "*"

[[package]]
name = "charset-normalizer"
version = "2.0.7"
description = "The Real First Universal Charset Detector. Open, modern and actively maintained alternative to Chardet."
category = "main"
optional = false
python-versions = ">=3.5.0"

[package.extras]
unicode_backport = ["unicodedata2"]

[[package]]
name = "grpcio"
version = "1.41.0"
description = "HTTP/2-based RPC framework"
category = "main"
optional = false
python-versions = "*"

[package.dependencies]
six = ">=1.5.2"

[package.extras]
protobuf = ["grpcio-tools (>=1.41.0)"]

[[package]]
name = "idna"
version = "3.3"
description = "Internationalized Domain Names in Applications (IDNA)"
category = "main"
optional = false
python-versions = ">=3.5"

[[package]]
name = "levo-commons"
version = "0.1.9"
description = "Common code between Levo CLI and test plans."
category = "main"
optional = false
python-versions = ">=3.7"

[package.dependencies]
attrs = ">=20.3"
grpcio = ">=1.37.0,<2.0.0"
requests = ">=2.25.1"

[package.extras]
test = ["pytest (>=6.0)"]

[[package]]
name = "pyflakes"
version = "2.4.0"
description = "passive checker of Python programs"
category = "dev"
optional = false
python-versions = ">=2.7, !=3.0.*, !=3.1.*, !=3.2.*, !=3.3.*"

[[package]]
name = "removestar"
version = "1.3.1"
description = "A tool to automatically replace 'import *' imports with explicit imports in files"
category = "dev"
optional = false
python-versions = ">=3.6"

[package.dependencies]
pyflakes = "*"

[[package]]
name = "requests"
version = "2.26.0"
description = "Python HTTP for Humans."
category = "main"
optional = false
python-versions = ">=2.7, !=3.0.*, !=3.1.*, !=3.2.*, !=3.3.*, !=3.4.*, !=3.5.*"

[package.dependencies]
certifi = ">=2017.4.17"
charset-normalizer = {version = ">=2.0.0,<2.1.0", markers = "python_version >= \"3\""}
idna = {version = ">=2.5,<4", markers = "python_version >= \"3\""}
urllib3 = ">=1.21.1,<1.27"

[package.extras]
socks = ["PySocks (>=1.5.6,!=1.5.7)", "win-inet-pton"]
use_chardet_on_py3 = ["chardet (>=3.0.2,<5)"]

[[package]]
name = "six"
version = "1.16.0"
description = "Python 2 and 3 compatibility utilities"
category = "main"
optional = false
python-versions = ">=2.7, !=3.0.*, !=3.1.*, !=3.2.*"

[[package]]
name = "urllib3"
version = "1.26.7"
description = "HTTP library with thread-safe connection pooling, file post, and more."
category = "main"
optional = false
python-versions = ">=2.7, !=3.0.*, !=3.1.*, !=3.2.*, !=3.3.*, !=3.4.*, <4"

[package.extras]
brotli = ["brotlipy (>=0.6.0)"]
secure = ["pyOpenSSL (>=0.14)", "cryptography (>=1.3.4)", "idna (>=2.0.0)", "certifi", "ipaddress"]
socks = ["PySocks (>=1.5.6,!=1.5.7,<2.0)"]

[metadata]
lock-version = "1.1"
python-versions = "^3.9"
content-hash = "a61d1c290679aad91f76eab511d0c26f439419e99ff708e5c2a7703b624de908"

[metadata.files]
attrs = [
    {file = "attrs-21.2.0-py2.py3-none-any.whl", hash = "sha256:149e90d6d8ac20db7a955ad60cf0e6881a3f20d37096140088356da6c716b0b1"},
    {file = "attrs-21.2.0.tar.gz", hash = "sha256:ef6aaac3ca6cd92904cdd0d83f629a15f18053ec84e6432106f7a4d04ae4f5fb"},
]
certifi = [
    {file = "certifi-2021.10.8-py2.py3-none-any.whl", hash = "sha256:d62a0163eb4c2344ac042ab2bdf75399a71a2d8c7d47eac2e2ee91b9d6339569"},
    {file = "certifi-2021.10.8.tar.gz", hash = "sha256:78884e7c1d4b00ce3cea67b44566851c4343c120abd683433ce934a68ea58872"},
]
charset-normalizer = [
    {file = "charset-normalizer-2.0.7.tar.gz", hash = "sha256:e019de665e2bcf9c2b64e2e5aa025fa991da8720daa3c1138cadd2fd1856aed0"},
    {file = "charset_normalizer-2.0.7-py3-none-any.whl", hash = "sha256:f7af805c321bfa1ce6714c51f254e0d5bb5e5834039bc17db7ebe3a4cec9492b"},
]
grpcio = [
    {file = "grpcio-1.41.0-cp310-cp310-linux_armv7l.whl", hash = "sha256:9ecd0fc34aa46eeac24f4d20e67bafaf72ca914f99690bf2898674905eaddaf9"},
    {file = "grpcio-1.41.0-cp310-cp310-macosx_10_10_universal2.whl", hash = "sha256:d539ebd05a2bbfbf897d41738d37d162d5c3d9f2b1f8ddf2c4f75e2c9cf59907"},
    {file = "grpcio-1.41.0-cp310-cp310-manylinux_2_17_aarch64.whl", hash = "sha256:2410000eb57cf76b05b37d2aee270b686f0a7876710850a2bba92b4ed133e026"},
    {file = "grpcio-1.41.0-cp310-cp310-manylinux_2_17_i686.manylinux2014_i686.whl", hash = "sha256:be3c6ac822edb509aeef41361ca9c8c5ee52cb9e4973e1977d2bb7d6a460fd97"},
    {file = "grpcio-1.41.0-cp310-cp310-manylinux_2_17_x86_64.manylinux2014_x86_64.whl", hash = "sha256:a0c4bdd1d646365d10ba1468bcf234ea5ad46e8ce2b115983e8563248614910a"},
    {file = "grpcio-1.41.0-cp310-cp310-win32.whl", hash = "sha256:7033199706526e7ee06a362e38476dfdf2ddbad625c19b67ed30411d1bb25a18"},
    {file = "grpcio-1.41.0-cp310-cp310-win_amd64.whl", hash = "sha256:fb64abf0d92134cb0ba4496a3b7ab918588eee42de20e5b3507fe6ee16db97ee"},
    {file = "grpcio-1.41.0-cp36-cp36m-linux_armv7l.whl", hash = "sha256:b6b68c444abbaf4a2b944a61cf35726ab9645f45d416bcc7cf4addc4b2f2d53d"},
    {file = "grpcio-1.41.0-cp36-cp36m-macosx_10_10_x86_64.whl", hash = "sha256:5292a627b44b6d3065de4a364ead23bab3c9d7a7c05416a9de0c0624d0fe03f4"},
    {file = "grpcio-1.41.0-cp36-cp36m-manylinux2010_i686.whl", hash = "sha256:1820845e7e6410240eff97742e9f76cd5bf10ca01d36a322e86c0bd5340ac25b"},
    {file = "grpcio-1.41.0-cp36-cp36m-manylinux2010_x86_64.whl", hash = "sha256:462178987f0e5c60d6d1b79e4e95803a4cd789db961d6b3f087245906bb5ae04"},
    {file = "grpcio-1.41.0-cp36-cp36m-manylinux_2_17_aarch64.whl", hash = "sha256:7b07cbbd4eea56738e995fcbba3b60e41fd9aa9dac937fb7985c5dcbc7626260"},
    {file = "grpcio-1.41.0-cp36-cp36m-manylinux_2_17_i686.manylinux2014_i686.whl", hash = "sha256:3a92e4df5330cd384984e04804104ae34f521345917813aa86fc0930101a3697"},
    {file = "grpcio-1.41.0-cp36-cp36m-manylinux_2_17_x86_64.manylinux2014_x86_64.whl", hash = "sha256:ccd2f1cf11768d1f6fbe4e13e8b8fb0ccfe9914ceeff55a367d5571e82eeb543"},
    {file = "grpcio-1.41.0-cp36-cp36m-win32.whl", hash = "sha256:59645b2d9f19b5ff30cb46ddbcaa09c398f9cd81e4e476b21c7c55ae1e942807"},
    {file = "grpcio-1.41.0-cp36-cp36m-win_amd64.whl", hash = "sha256:0abd56d90dff3ed566807520de1385126dded21e62d3490a34c180a91f94c1f4"},
    {file = "grpcio-1.41.0-cp37-cp37m-linux_armv7l.whl", hash = "sha256:9674a9d3f23702e35a89e22504f41b467893cf704f627cc9cdd118cf1dcc8e26"},
    {file = "grpcio-1.41.0-cp37-cp37m-macosx_10_10_x86_64.whl", hash = "sha256:c95dd6e60e059ff770a2ac9f5a202b75dd64d76b0cd0c48f27d58907e43ed6a6"},
    {file = "grpcio-1.41.0-cp37-cp37m-manylinux2010_i686.whl", hash = "sha256:a3cd7f945d3e3b82ebd2a4c9862eb9891a5ac87f84a7db336acbeafd86e6c402"},
    {file = "grpcio-1.41.0-cp37-cp37m-manylinux2010_x86_64.whl", hash = "sha256:c07acd49541f5f6f9984fe0adf162d77bf70e0f58e77f9960c6f571314ff63a4"},
    {file = "grpcio-1.41.0-cp37-cp37m-manylinux_2_17_aarch64.whl", hash = "sha256:7da3f6f6b857399c9ad85bcbffc83189e547a0a1a777ab68f5385154f8bc1ed4"},
    {file = "grpcio-1.41.0-cp37-cp37m-manylinux_2_17_i686.manylinux2014_i686.whl", hash = "sha256:39ce785f0cbd07966a9019386b7a054615b2da63da3c7727f371304d000a1890"},
    {file = "grpcio-1.41.0-cp37-cp37m-manylinux_2_17_x86_64.manylinux2014_x86_64.whl", hash = "sha256:07594e585a5ba25cf331ddb63095ca51010c34e328a822cb772ffbd5daa62cb5"},
    {file = "grpcio-1.41.0-cp37-cp37m-win32.whl", hash = "sha256:3bbeee115b05b22f6a9fa9bc78f9ab8d9d6bb8c16fdfc60401fc8658beae1099"},
    {file = "grpcio-1.41.0-cp37-cp37m-win_amd64.whl", hash = "sha256:dcb5f324712a104aca4a459e524e535f205f36deb8005feb4f9d3ff0a22b5177"},
    {file = "grpcio-1.41.0-cp38-cp38-linux_armv7l.whl", hash = "sha256:83c1e731c2b76f26689ad88534cafefe105dcf385567bead08f5857cb308246b"},
    {file = "grpcio-1.41.0-cp38-cp38-macosx_10_10_x86_64.whl", hash = "sha256:5d4b30d068b022e412adcf9b14c0d9bcbc872e9745b91467edc0a4c700a8bba6"},
    {file = "grpcio-1.41.0-cp38-cp38-manylinux2010_i686.whl", hash = "sha256:d71aa430b2ac40e18e388504ac34cc91d49d811855ca507c463a21059bf364f0"},
    {file = "grpcio-1.41.0-cp38-cp38-manylinux2010_x86_64.whl", hash = "sha256:c8c5bc498f6506b6041c30afb7a55c57a9fd535d1a0ac7cdba9b5fd791a85633"},
    {file = "grpcio-1.41.0-cp38-cp38-manylinux_2_17_aarch64.whl", hash = "sha256:a144f6cecbb61aace12e5920840338a3d246123a41d795e316e2792e9775ad15"},
    {file = "grpcio-1.41.0-cp38-cp38-manylinux_2_17_i686.manylinux2014_i686.whl", hash = "sha256:e516124010ef60d5fc2e0de0f1f987599249dc55fd529001f17f776a4145767f"},
    {file = "grpcio-1.41.0-cp38-cp38-manylinux_2_17_x86_64.manylinux2014_x86_64.whl", hash = "sha256:c1e0a4c86d4cbd93059d5eeceed6e1c2e3e1494e1bf40be9b8ab14302c576162"},
    {file = "grpcio-1.41.0-cp38-cp38-win32.whl", hash = "sha256:a614224719579044bd7950554d3b4c1793bb5715cbf0f0399b1f21d283c40ef6"},
    {file = "grpcio-1.41.0-cp38-cp38-win_amd64.whl", hash = "sha256:b2de4e7b5a930be04a4d05c9f5fce7e9191217ccdc174b026c2a7928770dca9f"},
    {file = "grpcio-1.41.0-cp39-cp39-linux_armv7l.whl", hash = "sha256:056806e83eaa09d0af0e452dd353db8f7c90aa2dedcce1112a2d21592550f6b1"},
    {file = "grpcio-1.41.0-cp39-cp39-macosx_10_10_x86_64.whl", hash = "sha256:5502832b7cec670a880764f51a335a19b10ff5ab2e940e1ded67f39b88aa02b1"},
    {file = "grpcio-1.41.0-cp39-cp39-manylinux2010_i686.whl", hash = "sha256:585847ed190ea9cb4d632eb0ebf58f1d299bbca5e03284bc3d0fa08bab6ea365"},
    {file = "grpcio-1.41.0-cp39-cp39-manylinux2010_x86_64.whl", hash = "sha256:d0cc0393744ce3ce1b237ae773635cc928470ff46fb0d3f677e337a38e5ed4f6"},
    {file = "grpcio-1.41.0-cp39-cp39-manylinux_2_17_aarch64.whl", hash = "sha256:2882b62f74de8c8a4f7b2be066f6230ecc46f4edc8f42db1fb7358200abe3b25"},
    {file = "grpcio-1.41.0-cp39-cp39-manylinux_2_17_i686.manylinux2014_i686.whl", hash = "sha256:297ee755d3c6cd7e7d3770f298f4d4d4b000665943ae6d2888f7407418a9a510"},
    {file = "grpcio-1.41.0-cp39-cp39-manylinux_2_17_x86_64.manylinux2014_x86_64.whl", hash = "sha256:ace080a9c3c673c42adfd2116875a63fec9613797be01a6105acf7721ed0c693"},
    {file = "grpcio-1.41.0-cp39-cp39-win32.whl", hash = "sha256:1bcbeac764bbae329bc2cc9e95d0f4d3b0fb456b92cf12e7e06e3e860a4b31cf"},
    {file = "grpcio-1.41.0-cp39-cp39-win_amd64.whl", hash = "sha256:4537bb9e35af62c5189493792a8c34d127275a6d175c8ad48b6314cacba4021e"},
    {file = "grpcio-1.41.0.tar.gz", hash = "sha256:15c04d695833c739dbb25c88eaf6abd9a461ec0dbd32f44bc8769335a495cf5a"},
]
idna = [
    {file = "idna-3.3-py3-none-any.whl", hash = "sha256:84d9dd047ffa80596e0f246e2eab0b391788b0503584e8945f2368256d2735ff"},
    {file = "idna-3.3.tar.gz", hash = "sha256:9d643ff0a55b762d5cdb124b8eaa99c66322e2157b69160bc32796e824360e6d"},
]
levo-commons = [
    {file = "levo_commons-0.1.9-py3-none-any.whl", hash = "sha256:cb246f194dd55cf3410326cd9ba62cf8a006e9766a0b21c4ef41a29bb8d5c911"},
    {file = "levo_commons-0.1.9.tar.gz", hash = "sha256:131d8cfe69c7c7428c9fc26e83674398dcd96702eca0f9961370722e2d10d366"},
]
pyflakes = [
    {file = "pyflakes-2.4.0-py2.py3-none-any.whl", hash = "sha256:3bb3a3f256f4b7968c9c788781e4ff07dce46bdf12339dcda61053375426ee2e"},
    {file = "pyflakes-2.4.0.tar.gz", hash = "sha256:05a85c2872edf37a4ed30b0cce2f6093e1d0581f8c19d7393122da7e25b2b24c"},
]
removestar = [
    {file = "removestar-1.3.1-py3-none-any.whl", hash = "sha256:2c482ac9a253e876bf6b7a6c38cf3913ffa5e863ce1747e2de3d5752bf5d3f4b"},
    {file = "removestar-1.3.1.tar.gz", hash = "sha256:34ce54d691aa2dbef55e44d71e14ef3a8066a7b69b455e9d46f3106659b27c4a"},
]
requests = [
    {file = "requests-2.26.0-py2.py3-none-any.whl", hash = "sha256:6c1246513ecd5ecd4528a0906f910e8f0f9c6b8ec72030dc9fd154dc1a6efd24"},
    {file = "requests-2.26.0.tar.gz", hash = "sha256:b8aa58f8cf793ffd8782d3d8cb19e66ef36f7aba4353eec859e74678b01b07a7"},
]
six = [
    {file = "six-1.16.0-py2.py3-none-any.whl", hash = "sha256:8abb2f1d86890a2dfb989f9a77cfcfd3e47c2a354b01111771326f8aa26e0254"},
    {file = "six-1.16.0.tar.gz", hash = "sha256:1e61c37477a1626458e36f7b1d82aa5c9b094fa4802892072e49de9c60c4c926"},
]
urllib3 = [
    {file = "urllib3-1.26.7-py2.py3-none-any.whl", hash = "sha256:c4fdf4019605b6e5423637e01bc9fe4daef873709a7973e195ceba0a62bbc844"},
    {file = "urllib3-1.26.7.tar.gz", hash = "sha256:4987c65554f7a2dbf30c18fd48778ef124af6fab771a377103da0585e2336ece"},
]
